
Microsoft Visual Studio Solution File, Format Version 12.00
# Visual Studio Version 16
VisualStudioVersion = 16.0.30907.101
MinimumVisualStudioVersion = 10.0.40219.1
Project("{9A19103F-16F7-4668-BE54-9A1E7A4F7556}") = "PWAProject", "PWAProject\PWAProject.csproj", "{914E5B4F-D081-4D53-A8AD-03A2D459AE5E}"
EndProject
Global
	GlobalSection(SolutionConfigurationPlatforms) = preSolution
		Debug|Any CPU = Debug|Any CPU
		Release|Any CPU = Release|Any CPU
	EndGlobalSection
	GlobalSection(ProjectConfigurationPlatforms) = postSolution
		{914E5B4F-D081-4D53-A8AD-03A2D459AE5E}.Debug|Any CPU.ActiveCfg = Debug|Any CPU
		{914E5B4F-D081-4D53-A8AD-03A2D459AE5E}.Debug|Any CPU.Build.0 = Debug|Any CPU
		{914E5B4F-D081-4D53-A8AD-03A2D459AE5E}.Release|Any CPU.ActiveCfg = Release|Any CPU
		{914E5B4F-D081-4D53-A8AD-03A2D459AE5E}.Release|Any CPU.Build.0 = Release|Any CPU
	EndGlobalSection
	GlobalSection(SolutionProperties) = preSolution
		HideSolutionNode = FALSE
	EndGlobalSection
	GlobalSection(ExtensibilityGlobals) = postSolution
		SolutionGuid = {B41E1CE5-5DA2-48F6-BCDB-6BE25B4722FB}
	EndGlobalSection
EndGlobal
